// !$*UTF8*$!
{
	archiveVersion = 1;
	classes = {
	};
	objectVersion = 50;
	objects = {

/* Begin PBXBuildFile section */
		07F380E221F4940B00E0621C /* AppDelegate.m in Sources */ = {isa = PBXBuildFile; fileRef = 07F380E121F4940B00E0621C /* AppDelegate.m */; };
		07F380E521F4940B00E0621C /* ViewController.m in Sources */ = {isa = PBXBuildFile; fileRef = 07F380E421F4940B00E0621C /* ViewController.m */; };
		07F380E821F4940B00E0621C /* Main.storyboard in Resources */ = {isa = PBXBuildFile; fileRef = 07F380E621F4940B00E0621C /* Main.storyboard */; };
		07F380EA21F4940C00E0621C /* Assets.xcassets in Resources */ = {isa = PBXBuildFile; fileRef = 07F380E921F4940C00E0621C /* Assets.xcassets */; };
		07F380ED21F4940C00E0621C /* LaunchScreen.storyboard in Resources */ = {isa = PBXBuildFile; fileRef = 07F380EB21F4940C00E0621C /* LaunchScreen.storyboard */; };
		07F380F021F4940C00E0621C /* main.m in Sources */ = {isa = PBXBuildFile; fileRef = 07F380EF21F4940C00E0621C /* main.m */; };
/* End PBXBuildFile section */

/* Begin PBXFileReference section */
		07F380DD21F4940B00E0621C /* FindersSample.app */ = {isa = PBXFileReference; explicitFileType = wrapper.application; includeInIndex = 0; path = FindersSample.app; sourceTree = BUILT_PRODUCTS_DIR; };
		07F380E021F4940B00E0621C /* AppDelegate.h */ = {isa = PBXFileReference; lastKnownFileType = sourcecode.c.h; path = AppDelegate.h; sourceTree = "<group>"; };
		07F380E121F4940B00E0621C /* AppDelegate.m */ = {isa = PBXFileReference; lastKnownFileType = sourcecode.c.objc; path = AppDelegate.m; sourceTree = "<group>"; };
		07F380E321F4940B00E0621C /* ViewController.h */ = {isa = PBXFileReference; lastKnownFileType = sourcecode.c.h; path = ViewController.h; sourceTree = "<group>"; };
		07F380E421F4940B00E0621C /* ViewController.m */ = {isa = PBXFileReference; lastKnownFileType = sourcecode.c.objc; path = ViewController.m; sourceTree = "<group>"; };
		07F380E721F4940B00E0621C /* Base */ = {isa = PBXFileReference; lastKnownFileType = file.storyboard; name = Base; path = Base.lproj/Main.storyboard; sourceTree = "<group>"; };
		07F380E921F4940C00E0621C /* Assets.xcassets */ = {isa = PBXFileReference; lastKnownFileType = folder.assetcatalog; path = Assets.xcassets; sourceTree = "<group>"; };
		07F380EC21F4940C00E0621C /* Base */ = {isa = PBXFileReference; lastKnownFileType = file.storyboard; name = Base; path = Base.lproj/LaunchScreen.storyboard; sourceTree = "<group>"; };
		07F380EE21F4940C00E0621C /* Info.plist */ = {isa = PBXFileReference; lastKnownFileType = text.plist.xml; path = Info.plist; sourceTree = "<group>"; };
		07F380EF21F4940C00E0621C /* main.m */ = {isa = PBXFileReference; lastKnownFileType = sourcecode.c.objc; path = main.m; sourceTree = "<group>"; };
/* End PBXFileReference section */

/* Begin PBXFrameworksBuildPhase section */
		07F380DA21F4940B00E0621C /* Frameworks */ = {
			isa = PBXFrameworksBuildPhase;
			buildActionMask = 2147483647;
			files = (
			);
			runOnlyForDeploymentPostprocessing = 0;
		};
/* End PBXFrameworksBuildPhase section */

/* Begin PBXGroup section */
		07F380D421F4940B00E0621C = {
			isa = PBXGroup;
			children = (
				07F380DF21F4940B00E0621C /* FindersSample */,
				07F380DE21F4940B00E0621C /* Products */,
			);
			sourceTree = "<group>";
		};
		07F380DE21F4940B00E0621C /* Products */ = {
			isa = PBXGroup;
			children = (
				07F380DD21F4940B00E0621C /* FindersSample.app */,
			);
			name = Products;
			sourceTree = "<group>";
		};
		07F380DF21F4940B00E0621C /* FindersSample */ = {
			isa = PBXGroup;
			children = (
				07F380E021F4940B00E0621C /* AppDelegate.h */,
				07F380E121F4940B00E0621C /* AppDelegate.m */,
				07F380E321F4940B00E0621C /* ViewController.h */,
				07F380E421F4940B00E0621C /* ViewController.m */,
				07F380E621F4940B00E0621C /* Main.storyboard */,
				07F380E921F4940C00E0621C /* Assets.xcassets */,
				07F380EB21F4940C00E0621C /* LaunchScreen.storyboard */,
				07F380EE21F4940C00E0621C /* Info.plist */,
				07F380EF21F4940C00E0621C /* main.m */,
			);
			path = FindersSample;
			sourceTree = "<group>";
		};
/* End PBXGroup section */

/* Begin PBXNativeTarget section */
		07F380DC21F4940B00E0621C /* FindersSample */ = {
			isa = PBXNativeTarget;
			buildConfigurationList = 07F380F321F4940C00E0621C /* Build configuration list for PBXNativeTarget "FindersSample" */;
			buildPhases = (
				07F380D921F4940B00E0621C /* Sources */,
				07F380DA21F4940B00E0621C /* Frameworks */,
				07F380DB21F4940B00E0621C /* Resources */,
			);
			buildRules = (
			);
			dependencies = (
			);
			name = FindersSample;
			productName = FindersSample;
			productReference = 07F380DD21F4940B00E0621C /* FindersSample.app */;
			productType = "com.apple.product-type.application";
		};
/* End PBXNativeTarget section */

/* Begin PBXProject section */
		07F380D521F4940B00E0621C /* Project object */ = {
			isa = PBXProject;
			attributes = {
				LastUpgradeCheck = 1010;
				ORGANIZATIONNAME = bean5389;
				TargetAttributes = {
					07F380DC21F4940B00E0621C = {
						CreatedOnToolsVersion = 10.1;
					};
				};
			};
			buildConfigurationList = 07F380D821F4940B00E0621C /* Build configuration list for PBXProject "FindersSample" */;
			compatibilityVersion = "Xcode 9.3";
			developmentRegion = en;
			hasScannedForEncodings = 0;
			knownRegions = (
				en,
				Base,
			);
			mainGroup = 07F380D421F4940B00E0621C;
			productRefGroup = 07F380DE21F4940B00E0621C /* Products */;
			projectDirPath = "";
			projectRoot = "";
			targets = (
				07F380DC21F4940B00E0621C /* FindersSample */,
			);
		};
/* End PBXProject section */

/* Begin PBXResourcesBuildPhase section */
		07F380DB21F4940B00E0621C /* Resources */ = {
			isa = PBXResourcesBuildPhase;
			buildActionMask = 2147483647;
			files = (
				07F380ED21F4940C00E0621C /* LaunchScreen.storyboard in Resources */,
				07F380EA21F4940C00E0621C /* Assets.xcassets in Resources */,
				07F380E821F4940B00E0621C /* Main.storyboard in Resources */,
			);
			runOnlyForDeploymentPostprocessing = 0;
		};
/* End PBXResourcesBuildPhase section */

/* Begin PBXSourcesBuildPhase section */
		07F380D921F4940B00E0621C /* Sources */ = {
			isa = PBXSourcesBuildPhase;
			buildActionMask = 2147483647;
			files = (
				07F380E521F4940B00E0621C /* ViewController.m in Sources */,
				07F380F021F4940C00E0621C /* main.m in Sources */,
				07F380E221F4940B00E0621C /* AppDelegate.m in Sources */,
			);
			runOnlyForDeploymentPostprocessing = 0;
		};
/* End PBXSourcesBuildPhase section */

/* Begin PBXVariantGroup section */
		07F380E621F4940B00E0621C /* Main.storyboard */ = {
			isa = PBXVariantGroup;
			children = (
				07F380E721F4940B00E0621C /* Base */,
			);
			name = Main.storyboard;
			sourceTree = "<group>";
		};
		07F380EB21F4940C00E0621C /* LaunchScreen.storyboard */ = {
			isa = PBXVariantGroup;
			children = (
				07F380EC21F4940C00E0621C /* Base */,
			);
			name = LaunchScreen.storyboard;
			sourceTree = "<group>";
		};
/* End PBXVariantGroup section */

/* Begin XCBuildConfiguration section */
		07F380F121F4940C00E0621C /* Debug */ = {
			isa = XCBuildConfiguration;
			buildSettings = {
				ALWAYS_SEARCH_USER_PATHS = NO;
				CLANG_ANALYZER_NONNULL = YES;
				CLANG_ANALYZER_NUMBER_OBJECT_CONVERSION = YES_AGGRESSIVE;
				CLANG_CXX_LANGUAGE_STANDARD = "gnu++14";
				CLANG_CXX_LIBRARY = "libc++";
				CLANG_ENABLE_MODULES = YES;
				CLANG_ENABLE_OBJC_ARC = YES;
				CLANG_ENABLE_OBJC_WEAK = YES;
				CLANG_WARN_BLOCK_CAPTURE_AUTORELEASING = YES;
				CLANG_WARN_BOOL_CONVERSION = YES;
				CLANG_WARN_COMMA = YES;
				CLANG_WARN_CONSTANT_CONVERSION = YES;
				CLANG_WARN_DEPRECATED_OBJC_IMPLEMENTATIONS = YES;
				CLANG_WARN_DIRECT_OBJC_ISA_USAGE = YES_ERROR;
				CLANG_WARN_DOCUMENTATION_COMMENTS = YES;
				CLANG_WARN_EMPTY_BODY = YES;
				CLANG_WARN_ENUM_CONVERSION = YES;
				CLANG_WARN_INFINITE_RECURSION = YES;
				CLANG_WARN_INT_CONVERSION = YES;
				CLANG_WARN_NON_LITERAL_NULL_CONVERSION = YES;
				CLANG_WARN_OBJC_IMPLICIT_RETAIN_SELF = YES;
				CLANG_WARN_OBJC_LITERAL_CONVERSION = YES;
				CLANG_WARN_OBJC_ROOT_CLASS = YES_ERROR;
				CLANG_WARN_RANGE_LOOP_ANALYSIS = YES;
				CLANG_WARN_STRICT_PROTOTYPES = YES;
				CLANG_WARN_SUSPICIOUS_MOVE = YES;
				CLANG_WARN_UNGUARDED_AVAILABILITY = YES_AGGRESSIVE;
				CLANG_WARN_UNREACHABLE_CODE = YES;
				CLANG_WARN__DUPLICATE_METHOD_MATCH = YES;
				CODE_SIGN_IDENTITY = "iPhone Developer";
				COPY_PHASE_STRIP = NO;
				DEBUG_INFORMATION_FORMAT = dwarf;
				ENABLE_STRICT_OBJC_MSGSEND = YES;
				ENABLE_TESTABILITY = YES;
				GCC_C_LANGUAGE_STANDARD = gnu11;
				GCC_DYNAMIC_NO_PIC = NO;
				GCC_NO_COMMON_BLOCKS = YES;
				GCC_OPTIMIZATION_LEVEL = 0;
				GCC_PREPROCESSOR_DEFINITIONS = (
					"DEBUG=1",
					"$(inherited)",
				);
				GCC_WARN_64_TO_32_BIT_CONVERSION = YES;
				GCC_WARN_ABOUT_RETURN_TYPE = YES_ERROR;
				GCC_WARN_UNDECLARED_SELECTOR = YES;
				GCC_WARN_UNINITIALIZED_AUTOS = YES_AGGRESSIVE;
				GCC_WARN_UNUSED_FUNCTION = YES;
				GCC_WARN_UNUSED_VARIABLE = YES;
				IPHONEOS_DEPLOYMENT_TARGET = 12.1;
				MTL_ENABLE_DEBUG_INFO = INCLUDE_SOURCE;
				MTL_FAST_MATH = YES;
				ONLY_ACTIVE_ARCH = YES;
				SDKROOT = iphoneos;
			};
			name = Debug;
		};
		07F380F221F4940C00E0621C /* Release */ = {
			isa = XCBuildConfiguration;
			buildSettings = {
				ALWAYS_SEARCH_USER_PATHS = NO;
				CLANG_ANALYZER_NONNULL = YES;
				CLANG_ANALYZER_NUMBER_OBJECT_CONVERSION = YES_AGGRESSIVE;
				CLANG_CXX_LANGUAGE_STANDARD = "gnu++14";
				CLANG_CXX_LIBRARY = "libc++";
				CLANG_ENABLE_MODULES = YES;
				CLANG_ENABLE_OBJC_ARC = YES;
				CLANG_ENABLE_OBJC_WEAK = YES;
				CLANG_WARN_BLOCK_CAPTURE_AUTORELEASING = YES;
				CLANG_WARN_BOOL_CONVERSION = YES;
				CLANG_WARN_COMMA = YES;
				CLANG_WARN_CONSTANT_CONVERSION = YES;
				CLANG_WARN_DEPRECATED_OBJC_IMPLEMENTATIONS = YES;
				CLANG_WARN_DIRECT_OBJC_ISA_USAGE = YES_ERROR;
				CLANG_WARN_DOCUMENTATION_COMMENTS = YES;
				CLANG_WARN_EMPTY_BODY = YES;
				CLANG_WARN_ENUM_CONVERSION = YES;
				CLANG_WARN_INFINITE_RECURSION = YES;
				CLANG_WARN_INT_CONVERSION = YES;
				CLANG_WARN_NON_LITERAL_NULL_CONVERSION = YES;
				CLANG_WARN_OBJC_IMPLICIT_RETAIN_SELF = YES;
				CLANG_WARN_OBJC_LITERAL_CONVERSION = YES;
				CLANG_WARN_OBJC_ROOT_CLASS = YES_ERROR;
				CLANG_WARN_RANGE_LOOP_ANALYSIS = YES;
				CLANG_WARN_STRICT_PROTOTYPES = YES;
				CLANG_WARN_SUSPICIOUS_MOVE = YES;
				CLANG_WARN_UNGUARDED_AVAILABILITY = YES_AGGRESSIVE;
				CLANG_WARN_UNREACHABLE_CODE = YES;
				CLANG_WARN__DUPLICATE_METHOD_MATCH = YES;
				CODE_SIGN_IDENTITY = "iPhone Developer";
				COPY_PHASE_STRIP = NO;
				DEBUG_INFORMATION_FORMAT = "dwarf-with-dsym";
				ENABLE_NS_ASSERTIONS = NO;
				ENABLE_STRICT_OBJC_MSGSEND = YES;
				GCC_C_LANGUAGE_STANDARD = gnu11;
				GCC_NO_COMMON_BLOCKS = YES;
				GCC_WARN_64_TO_32_BIT_CONVERSION = YES;
				GCC_WARN_ABOUT_RETURN_TYPE = YES_ERROR;
				GCC_WARN_UNDECLARED_SELECTOR = YES;
				GCC_WARN_UNINITIALIZED_AUTOS = YES_AGGRESSIVE;
				GCC_WARN_UNUSED_FUNCTION = YES;
				GCC_WARN_UNUSED_VARIABLE = YES;
				IPHONEOS_DEPLOYMENT_TARGET = 12.1;
				MTL_ENABLE_DEBUG_INFO = NO;
				MTL_FAST_MATH = YES;
				SDKROOT = iphoneos;
				VALIDATE_PRODUCT = YES;
			};
			name = Release;
		};
		07F380F421F4940C00E0621C /* Debug */ = {
			isa = XCBuildConfiguration;
			buildSettings = {
				ASSETCATALOG_COMPILER_APPICON_NAME = AppIcon;
				CODE_SIGN_STYLE = Automatic;
				DEVELOPMENT_TEAM = 3TFAPN6RV7;
				INFOPLIST_FILE = FindersSample/Info.plist;
				LD_RUNPATH_SEARCH_PATHS = (
					"$(inherited)",
					"@executable_path/Frameworks",
				);
				PRODUCT_BUNDLE_IDENTIFIER = me.bean5389.FindersSample;
				PRODUCT_NAME = "$(TARGET_NAME)";
				TARGETED_DEVICE_FAMILY = "1,2";
			};
			name = Debug;
		};
		07F380F521F4940C00E0621C /* Release */ = {
			isa = XCBuildConfiguration;
			buildSettings = {
				ASSETCATALOG_COMPILER_APPICON_NAME = AppIcon;
				CODE_SIGN_STYLE = Automatic;
				DEVELOPMENT_TEAM = 3TFAPN6RV7;
				INFOPLIST_FILE = FindersSample/Info.plist;
				LD_RUNPATH_SEARCH_PATHS = (
					"$(inherited)",
					"@executable_path/Frameworks",
				);
				PRODUCT_BUNDLE_IDENTIFIER = me.bean5389.FindersSample;
				PRODUCT_NAME = "$(TARGET_NAME)";
				TARGETED_DEVICE_FAMILY = "1,2";
			};
			name = Release;
		};
/* End XCBuildConfiguration section */

/* Begin XCConfigurationList section */
		07F380D821F4940B00E0621C /* Build configuration list for PBXProject "FindersSample" */ = {
			isa = XCConfigurationList;
			buildConfigurations = (
				07F380F121F4940C00E0621C /* Debug */,
				07F380F221F4940C00E0621C /* Release */,
			);
			defaultConfigurationIsVisible = 0;
			defaultConfigurationName = Release;
		};
		07F380F321F4940C00E0621C /* Build configuration list for PBXNativeTarget "FindersSample" */ = {
			isa = XCConfigurationList;
			buildConfigurations = (
				07F380F421F4940C00E0621C /* Debug */,
				07F380F521F4940C00E0621C /* Release */,
			);
			defaultConfigurationIsVisible = 0;
			defaultConfigurationName = Release;
		};
/* End XCConfigurationList section */
	};
	rootObject = 07F380D521F4940B00E0621C /* Project object */;
}
